schema: '2.0'
stages:
  extract_pref_labels:
    cmd: Rscript src/extract_pref_labels.r -g vocab/gnd.ttl -o vocab/gnd_pref_labels.arrow
    deps:
    - path: src/extract_pref_labels.r
      hash: md5
      md5: 61e10b4697a6f31dc84554c0891764d1
      size: 978
    - path: vocab/gnd.ttl
      hash: md5
      md5: a6a6db61f89d43c58dc2f5d4d6180c39
      size: 53388861
    outs:
    - path: vocab/gnd_pref_labels.arrow
      hash: md5
      md5: ebaeefdf6789769605bbe4feb6c404ca
      size: 7030402
  index_corpus@test:
    cmd:
    - mkdir -p results/test/
    - "python src/index_corpus.py  --corpus corpora/ft30k/test.tsv.gz --index corpora/ft30k/test.arrow\
      \  --pref_labels vocab/gnd_pref_labels.arrow --alpha 1.0 --top_k 100 --chunk_size
      500 --out results/test/predictions.arrow --n_jobs 40 --task ft30k --evalset
      test\n"
    deps:
    - path: results/test/collection_name.txt
      hash: md5
      md5: 56e2c40b7e81c2bab863e6ac0c9953fe
      size: 22
    - path: src/index_corpus.py
      hash: md5
      md5: 9cdfeaa49e04e1921c2a166cd3bffe47
      size: 7353
    params:
      params.yaml:
        search.alpha: 1.0
        search.chunk_size: 500
        search.top_k: 100
        task.name: ft30k
    outs:
    - path: results/test/predictions.arrow
      hash: md5
      md5: f2b85660b86a6dd9dc0d83f8683cec85
      size: 23655034
  compute_metrics@test:
    cmd:
    - mkdir -p results/test/
    - "Rscript src/compute_metrics.r  --kind ft  --evalset test  --test_index corpora/ftoa/test.arrow
      --predictions results/test/predictions.arrow --out_folder results/test/\n"
    deps:
    - path: corpora/ftoa/test.arrow
      hash: md5
      md5: edd596ba43b45b2c9641798990418636
      size: 20682
    - path: corpora/ground-truth.arrow
      hash: md5
      md5: 717791c69fedc7d364b38fdaf99fbce5
      size: 55898370
    - path: results/test/predictions.arrow
      hash: md5
      md5: 1221c8345b83172ed81373590a319775
      size: 1476514
    - path: src/compute_metrics.r
      hash: md5
      md5: ba86f225aa8f62b37405b1d394fe366d
      size: 5420
    params:
      params.yaml:
        task.kind: ft
        task.name: ftoa
    outs:
    - path: results//test/prec_at_5.json
      hash: md5
      md5: 86ff14b7663014f300f5a2a7ec48b45e
      size: 37
    - path: results//test/rec_at_5.json
      hash: md5
      md5: 6f9954f245b19a6fba1506cb5422e7b7
      size: 36
    - path: results/test/f1_at_5.json
      hash: md5
      md5: a9442a97985dfea287fd2c456285974b
      size: 35
    - path: results/test/pr_auc.json
      hash: md5
      md5: bb51c224eb8128323aa775ee1f3bfbce
      size: 29
    - path: results/test/pr_curve.csv
      hash: md5
      md5: 27bfb00a2f73c0e70597b888c7c0874b
      size: 3552
    - path: results/test/pr_curve_plot.svg
      hash: md5
      md5: ab938e3abbeb83cf5f7e2005617fc39c
      size: 17678
    - path: results/test/rprec_at_5.json
      hash: md5
      md5: 775070910df9b19a9a5027ff9b2edaec
      size: 38
  index_corpus@validate:
    cmd:
    - mkdir -p results/validate/
    - "python src/index_corpus.py  --corpus corpora/ft30k/validate.tsv.gz --index
      corpora/ft30k/validate.arrow  --pref_labels vocab/gnd_pref_labels.arrow --alpha
      1.0 --top_k 100 --chunk_size 500 --out results/validate/predictions.arrow --n_jobs
      40 --task ft30k --evalset validate\n"
    deps:
    - path: results/validate/collection_name.txt
      hash: md5
      md5: fece339858b5c76ea4a036677099c3aa
      size: 26
    - path: src/index_corpus.py
      hash: md5
      md5: 9cdfeaa49e04e1921c2a166cd3bffe47
      size: 7353
    params:
      params.yaml:
        search.alpha: 1.0
        search.chunk_size: 500
        search.top_k: 100
        task.name: ft30k
    outs:
    - path: results/validate/predictions.arrow
      hash: md5
      md5: f5161c3b13b4797a9f69c271513913fb
      size: 68127674
  compute_metrics@validate:
    cmd:
    - mkdir -p results/validate/
    - "Rscript src/compute_metrics.r  --kind ft  --evalset validate  --test_index
      corpora/ftoa/validate.arrow --predictions results/validate/predictions.arrow
      --out_folder results/validate/\n"
    deps:
    - path: corpora/ftoa/validate.arrow
      hash: md5
      md5: fed3c0bb52226e6a785ff9049069e949
      size: 31146
    - path: corpora/ground-truth.arrow
      hash: md5
      md5: 717791c69fedc7d364b38fdaf99fbce5
      size: 55898370
    - path: results/validate/predictions.arrow
      hash: md5
      md5: 98b449bc3fa79d5c2d83f79355f8ce75
      size: 2370002
    - path: src/compute_metrics.r
      hash: md5
      md5: ba86f225aa8f62b37405b1d394fe366d
      size: 5420
    params:
      params.yaml:
        task.kind: ft
        task.name: ftoa
    outs:
    - path: results//validate/prec_at_5.json
      hash: md5
      md5: 62aa021b298054825f0458ff2105a5c2
      size: 37
    - path: results//validate/rec_at_5.json
      hash: md5
      md5: 2bf77a8fd40f6cf9a305f8f5d7a56592
      size: 36
    - path: results/validate/f1_at_5.json
      hash: md5
      md5: 4ba717769f7dc675ada1c334c19d16f4
      size: 35
    - path: results/validate/pr_auc.json
      hash: md5
      md5: df43e72da9491d56554c1bb0e3c86b8c
      size: 29
    - path: results/validate/pr_curve.csv
      hash: md5
      md5: e7d4a9b2ce0f4e87a3a2a6839c0d01cd
      size: 3621
    - path: results/validate/pr_curve_plot.svg
      hash: md5
      md5: b232ae51e1a2033d1af1a44bc577ce3f
      size: 17253
    - path: results/validate/rprec_at_5.json
      hash: md5
      md5: b8ac712c7a985039074fb4c1aaef8e85
      size: 36
  create_collection@test:
    cmd:
    - mkdir -p results/test/
    - python src/create_collection.py --task ft30k --evalset test --collection_name_file
      results/test/collection_name.txt --overwrite false
    deps:
    - path: src/create_collection.py
      hash: md5
      md5: d560ab5d62f6b276cbb955df6bc2c548
      size: 3389
    params:
      params.yaml:
        collection.overwrite: false
        task.name: ft30k
    outs:
    - path: results/test/collection_name.txt
      hash: md5
      md5: 56e2c40b7e81c2bab863e6ac0c9953fe
      size: 22
  create_collection@validate:
    cmd:
    - mkdir -p results/validate/
    - python src/create_collection.py --task ft30k --evalset validate --collection_name_file
      results/validate/collection_name.txt --overwrite false
    deps:
    - path: src/create_collection.py
      hash: md5
      md5: d560ab5d62f6b276cbb955df6bc2c548
      size: 3389
    params:
      params.yaml:
        collection.overwrite: false
        task.name: ft30k
    outs:
    - path: results/validate/collection_name.txt
      hash: md5
      md5: fece339858b5c76ea4a036677099c3aa
      size: 26
  create_collection@train:
    cmd:
    - mkdir -p results/train/
    - python src/create_collection.py --task ft30k --evalset train --collection_name_file
      results/train/collection_name.txt --overwrite false
    deps:
    - path: src/create_collection.py
      hash: md5
      md5: d560ab5d62f6b276cbb955df6bc2c548
      size: 3389
    params:
      params.yaml:
        collection.overwrite: false
        task.name: ft30k
    outs:
    - path: results/train/collection_name.txt
      hash: md5
      md5: 98a683578d4202827f9b528be30bdaa1
      size: 23
  generate_candidates@train:
    cmd:
    - mkdir -p results/train/
    - "python src/index_corpus.py  --chunks results/train/chunks.txt --chunk_index
      results/train/chunk_index.arrow  --chunk_embeddings results/train/chunk_embeddings.npy
      --alpha 0.625 --top_k 100 --n_hits 20 --output results/train/candidates.arrow
      --n_jobs 40\n"
    deps:
    - path: results/train/chunk_embeddings.npy
      hash: md5
      md5: 8e5438ef6dc48549cb48bda54abb99b9
      size: 1595814016
    - path: results/train/chunk_index.arrow
      hash: md5
      md5: bf0bec15b303d6907c3f65dbc2981393
      size: 16650738
    - path: results/train/chunks.txt
      hash: md5
      md5: 41f9c0268a35340adc45f2b17dbe5ccf
      size: 93306134
    - path: src/index_corpus.py
      hash: md5
      md5: fd70f735e56aae7274717eceff304217
      size: 8311
    - path: vocab/gnd204k_w_altlabels.arrow
      hash: md5
      md5: bfc5257f2c7ce8c018a0938bfad2b340
      size: 17026962
    params:
      params.yaml:
        search.alpha: 0.625
        search.n_hits: 20
        search.top_k: 100
        task.name: ftoa
        vocab_config.collection_name: gnd204k_w_altlabels_no_phrase_jina_1024_retrieval
    outs:
    - path: results/train/candidates.arrow
      hash: md5
      md5: f3347603f498e3c31bbc7a3dd6d31e92
      size: 15137882
  generate_candidates@validate:
    cmd:
    - mkdir -p results/validate/
    - "python src/index_corpus.py  --chunks results/validate/chunks.txt --chunk_index
      results/validate/chunk_index.arrow  --chunk_embeddings results/validate/chunk_embeddings.npy
      --alpha 0.625 --top_k 100 --n_hits 20 --output results/validate/candidates.arrow
      --n_jobs 40\n"
    deps:
    - path: results/validate/chunk_embeddings.npy
      hash: md5
      md5: a4b59e1e529212794529866d503865c0
      size: 440762496
    - path: results/validate/chunk_index.arrow
      hash: md5
      md5: b8523d007ef7b4463d21bbb9c1268768
      size: 4598234
    - path: results/validate/chunks.txt
      hash: md5
      md5: 029147971fcceddf6f38c8919df2035a
      size: 25477212
    - path: src/index_corpus.py
      hash: md5
      md5: fd70f735e56aae7274717eceff304217
      size: 8311
    - path: vocab/gnd204k_w_altlabels.arrow
      hash: md5
      md5: bfc5257f2c7ce8c018a0938bfad2b340
      size: 17026962
    params:
      params.yaml:
        search.alpha: 0.625
        search.n_hits: 20
        search.top_k: 100
        task.name: ftoa
        vocab_config.collection_name: gnd204k_w_altlabels_no_phrase_jina_1024_retrieval
    outs:
    - path: results/validate/candidates.arrow
      hash: md5
      md5: 747ab2a7f970052efe57633b0f06a086
      size: 4143786
  generate_candidates@test:
    cmd:
    - mkdir -p results/test/
    - "python src/index_corpus.py  --chunks results/test/chunks.txt --chunk_index
      results/test/chunk_index.arrow  --chunk_embeddings results/test/chunk_embeddings.npy
      --alpha 0.625 --top_k 100 --n_hits 20 --output results/test/candidates.arrow
      --n_jobs 40\n"
    deps:
    - path: results/test/chunk_embeddings.npy
      hash: md5
      md5: 2c759423ee7b0450858d0e7b2adf2d94
      size: 270540928
    - path: results/test/chunk_index.arrow
      hash: md5
      md5: df10600ce484ed6f775819f5c160e2a2
      size: 2824930
    - path: results/test/chunks.txt
      hash: md5
      md5: d46306450afb621afdf3b8b2edb597d2
      size: 15499084
    - path: src/index_corpus.py
      hash: md5
      md5: fd70f735e56aae7274717eceff304217
      size: 8311
    - path: vocab/gnd204k_w_altlabels.arrow
      hash: md5
      md5: bfc5257f2c7ce8c018a0938bfad2b340
      size: 17026962
    params:
      params.yaml:
        search.alpha: 0.625
        search.n_hits: 20
        search.top_k: 100
        task.name: ftoa
        vocab_config.collection_name: gnd204k_w_altlabels_no_phrase_jina_1024_retrieval
    outs:
    - path: results/test/candidates.arrow
      hash: md5
      md5: 72cd9dfb2023c4660e2e0784f594fc40
      size: 2568426
  train_ranker:
    cmd:
    - mkdir -p results/train/
    - "Rscript src/train.r --ground_truth corpora/ground-truth.arrow --train_index
      corpora/ftoa/train.arrow --max_docs 30000 --train_candidates results/train/candidates.arrow
      --label_distribution assets/gnd-label-distribution.arrow --model_file results/train/model.rds
      --n_rounds 812 --subsample 0.62 --interaction_depth 7 --shrinkage 0.023 --verbose
      true --n_jobs 40\n"
    deps:
    - path: assets/gnd-label-distribution.arrow
      hash: md5
      md5: cf88a4cfcc09c976d6ca2dc193ae9efc
      size: 2316610
    - path: corpora/ftoa/train.arrow
      hash: md5
      md5: e95f42747020a8706f0185dbdce349c6
      size: 103066
    - path: corpora/ground-truth.arrow
      hash: md5
      md5: 717791c69fedc7d364b38fdaf99fbce5
      size: 55898370
    - path: results/train/candidates.arrow
      hash: md5
      md5: f3347603f498e3c31bbc7a3dd6d31e92
      size: 15137882
    - path: src/prepare_data_for_gbm.r
      hash: md5
      md5: 8fbbba82ec32cfef38f3d8bf186f6a90
      size: 2047
    - path: src/train.r
      hash: md5
      md5: bcba722e41a9b7926b8da4f72f811f08
      size: 4131
    params:
      params.yaml:
        train.xgb.interaction_depth: 7
        train.xgb.n_rounds: 812
        train.xgb.shrinkage: 0.023
        train.xgb.subsample: 0.62
    outs:
    - path: results/train/model.rds
      hash: md5
      md5: d565fc411ad534a777897e34ba98d7f0
      size: 1965083
  rank_candidates@validate:
    cmd:
    - mkdir -p results/validate/
    - "Rscript src/predict.r  --model_file results/train/model.rds --test_index corpora/ftoa/validate.arrow
      --test_candidates results/validate/candidates.arrow --max_docs 30000 --label_distribution
      assets/gnd-label-distribution.arrow --top_k 100 --out_file results/validate/predictions.arrow\n"
    deps:
    - path: assets/gnd-label-distribution.arrow
      hash: md5
      md5: cf88a4cfcc09c976d6ca2dc193ae9efc
      size: 2316610
    - path: corpora/ftoa/validate.arrow
      hash: md5
      md5: fed3c0bb52226e6a785ff9049069e949
      size: 31146
    - path: results/train/model.rds
      hash: md5
      md5: d565fc411ad534a777897e34ba98d7f0
      size: 1965083
    - path: results/validate/candidates.arrow
      hash: md5
      md5: 747ab2a7f970052efe57633b0f06a086
      size: 4143786
    - path: src/predict.r
      hash: md5
      md5: f3346c8e00029e01f83ffb7140558e3f
      size: 2689
    - path: src/prepare_data_for_gbm.r
      hash: md5
      md5: 8fbbba82ec32cfef38f3d8bf186f6a90
      size: 2047
    params:
      params.yaml:
        chunk_opts.max_docs: 30000
        predict.top_k: 100
    outs:
    - path: results/validate/predictions.arrow
      hash: md5
      md5: 98b449bc3fa79d5c2d83f79355f8ce75
      size: 2370002
  rank_candidates@test:
    cmd:
    - mkdir -p results/test/
    - "Rscript src/predict.r  --model_file results/train/model.rds --test_index corpora/ftoa/test.arrow
      --test_candidates results/test/candidates.arrow --max_docs 30000 --label_distribution
      assets/gnd-label-distribution.arrow --top_k 100 --out_file results/test/predictions.arrow\n"
    deps:
    - path: assets/gnd-label-distribution.arrow
      hash: md5
      md5: cf88a4cfcc09c976d6ca2dc193ae9efc
      size: 2316610
    - path: corpora/ftoa/test.arrow
      hash: md5
      md5: edd596ba43b45b2c9641798990418636
      size: 20682
    - path: results/test/candidates.arrow
      hash: md5
      md5: 72cd9dfb2023c4660e2e0784f594fc40
      size: 2568426
    - path: results/train/model.rds
      hash: md5
      md5: d565fc411ad534a777897e34ba98d7f0
      size: 1965083
    - path: src/predict.r
      hash: md5
      md5: f3346c8e00029e01f83ffb7140558e3f
      size: 2689
    - path: src/prepare_data_for_gbm.r
      hash: md5
      md5: 8fbbba82ec32cfef38f3d8bf186f6a90
      size: 2047
    params:
      params.yaml:
        chunk_opts.max_docs: 30000
        predict.top_k: 100
    outs:
    - path: results/test/predictions.arrow
      hash: md5
      md5: 1221c8345b83172ed81373590a319775
      size: 1476514
  create_vocab_collection:
    cmd:
    - "python src/create_vocab_collection.py \\\n  --ttl_file vocab/gnd.ttl \\\n \
      \ --collection_name gnd204k_w_altlabels_no_phrase_jina_1024_retrieval \\\n \
      \ --overwrite false \\\n  --TEI_port 8090 \\\n  --phrase \"\" \\\n  --use_altLabels
      true \\\n  --arrow_out vocab/gnd204k_w_altlabels.arrow\n"
    deps:
    - path: src/create_vocab_collection.py
      hash: md5
      md5: 0479a0d7f4539a01e1096a9ea179c4c0
      size: 7074
    - path: src/generate_embeddings.py
      hash: md5
      md5: 06f1d956bf4af6164d5bd63bc4f11d17
      size: 1668
    - path: vocab/gnd.ttl
      hash: md5
      md5: a6a6db61f89d43c58dc2f5d4d6180c39
      size: 53388861
    params:
      params.yaml:
        general.TEI_port: 8090
        general.embedding_dim: 1024
        general.embedding_model: jinaai/jina-embeddings-v3
        vocab_config.collection_name: gnd204k_w_altlabels_no_phrase_jina_1024_retrieval
        vocab_config.overwrite: false
        vocab_config.phrase: ''
        vocab_config.use_altLabels: true
    outs:
    - path: vocab/gnd204k_w_altlabels.arrow
      hash: md5
      md5: bfc5257f2c7ce8c018a0938bfad2b340
      size: 17026962
  chunk_texts@test:
    cmd:
    - mkdir -p results/test/
    - "python src/chunk_texts.py  --corpus corpora/ftoa/test.tsv.gz  --index corpora/ftoa/test.arrow
      --chunk_texts_output results/test/chunks.txt --chunk_index_output results/test/chunk_index.arrow
      --chunk_size 50 --max_chunks 100 --max_docs 30000 --max_sentences_per_doc 10000
      --n_jobs 10\n"
    deps:
    - path: corpora/ftoa/test.arrow
      hash: md5
      md5: edd596ba43b45b2c9641798990418636
      size: 20682
    - path: corpora/ftoa/test.tsv.gz
      hash: md5
      md5: 1bb18b431fb9c9ed37afbb1485710e8e
      size: 6440270
    - path: src/chunk_texts.py
      hash: md5
      md5: cabeb7bbf48903154d121c1bed3d2aeb
      size: 5516
    params:
      params.yaml:
        chunk_opts.chunk_size: 50
        chunk_opts.max_chunks: 100
        chunk_opts.max_docs: 30000
        chunk_opts.max_sentences_per_doc: 10000
    outs:
    - path: results/test/chunk_index.arrow
      hash: md5
      md5: df10600ce484ed6f775819f5c160e2a2
      size: 2824930
    - path: results/test/chunks.txt
      hash: md5
      md5: d46306450afb621afdf3b8b2edb597d2
      size: 15499084
  chunk_texts@train:
    cmd:
    - mkdir -p results/train/
    - "python src/chunk_texts.py  --corpus corpora/ftoa/train.tsv.gz  --index corpora/ftoa/train.arrow
      --chunk_texts_output results/train/chunks.txt --chunk_index_output results/train/chunk_index.arrow
      --chunk_size 50 --max_chunks 100 --max_docs 30000 --max_sentences_per_doc 10000
      --n_jobs 10\n"
    deps:
    - path: corpora/ftoa/train.arrow
      hash: md5
      md5: e95f42747020a8706f0185dbdce349c6
      size: 103066
    - path: corpora/ftoa/train.tsv.gz
      hash: md5
      md5: ae5c8e95555deb7aa8c69b0ecddb33f5
      size: 37017585
    - path: src/chunk_texts.py
      hash: md5
      md5: cabeb7bbf48903154d121c1bed3d2aeb
      size: 5516
    params:
      params.yaml:
        chunk_opts.chunk_size: 50
        chunk_opts.max_chunks: 100
        chunk_opts.max_docs: 30000
        chunk_opts.max_sentences_per_doc: 10000
    outs:
    - path: results/train/chunk_index.arrow
      hash: md5
      md5: bf0bec15b303d6907c3f65dbc2981393
      size: 16650738
    - path: results/train/chunks.txt
      hash: md5
      md5: 41f9c0268a35340adc45f2b17dbe5ccf
      size: 93306134
  chunk_texts@validate:
    cmd:
    - mkdir -p results/validate/
    - "python src/chunk_texts.py  --corpus corpora/ftoa/validate.tsv.gz  --index corpora/ftoa/validate.arrow
      --chunk_texts_output results/validate/chunks.txt --chunk_index_output results/validate/chunk_index.arrow
      --chunk_size 50 --max_chunks 100 --max_docs 30000 --max_sentences_per_doc 10000
      --n_jobs 10\n"
    deps:
    - path: corpora/ftoa/validate.arrow
      hash: md5
      md5: fed3c0bb52226e6a785ff9049069e949
      size: 31146
    - path: corpora/ftoa/validate.tsv.gz
      hash: md5
      md5: 086f20d34e8a56079e5b5fe83e823038
      size: 10194799
    - path: src/chunk_texts.py
      hash: md5
      md5: cabeb7bbf48903154d121c1bed3d2aeb
      size: 5516
    params:
      params.yaml:
        chunk_opts.chunk_size: 50
        chunk_opts.max_chunks: 100
        chunk_opts.max_docs: 30000
        chunk_opts.max_sentences_per_doc: 10000
    outs:
    - path: results/validate/chunk_index.arrow
      hash: md5
      md5: b8523d007ef7b4463d21bbb9c1268768
      size: 4598234
    - path: results/validate/chunks.txt
      hash: md5
      md5: 029147971fcceddf6f38c8919df2035a
      size: 25477212
  embed_chunks@test:
    cmd:
    - mkdir -p results/test/
    - "python src/embed_chunks.py  --chunks results/test/chunks.txt  --out results/test/chunk_embeddings.npy\n"
    deps:
    - path: results/test/chunks.txt
      hash: md5
      md5: d46306450afb621afdf3b8b2edb597d2
      size: 15499084
    - path: src/embed_chunks.py
      hash: md5
      md5: 1226d6cbbe506bef5952845f05ade0f0
      size: 646
    - path: src/generate_embeddings.py
      hash: md5
      md5: 06f1d956bf4af6164d5bd63bc4f11d17
      size: 1668
    params:
      params.yaml:
        general.embedding_dim: 1024
        general.embedding_model: jinaai/jina-embeddings-v3
    outs:
    - path: results/test/chunk_embeddings.npy
      hash: md5
      md5: 2c759423ee7b0450858d0e7b2adf2d94
      size: 270540928
  embed_chunks@train:
    cmd:
    - mkdir -p results/train/
    - "python src/embed_chunks.py  --chunks results/train/chunks.txt  --out results/train/chunk_embeddings.npy\n"
    deps:
    - path: results/train/chunks.txt
      hash: md5
      md5: 41f9c0268a35340adc45f2b17dbe5ccf
      size: 93306134
    - path: src/embed_chunks.py
      hash: md5
      md5: 1226d6cbbe506bef5952845f05ade0f0
      size: 646
    - path: src/generate_embeddings.py
      hash: md5
      md5: 06f1d956bf4af6164d5bd63bc4f11d17
      size: 1668
    params:
      params.yaml:
        general.embedding_dim: 1024
        general.embedding_model: jinaai/jina-embeddings-v3
    outs:
    - path: results/train/chunk_embeddings.npy
      hash: md5
      md5: 8e5438ef6dc48549cb48bda54abb99b9
      size: 1595814016
  embed_chunks@validate:
    cmd:
    - mkdir -p results/validate/
    - "python src/embed_chunks.py  --chunks results/validate/chunks.txt  --out results/validate/chunk_embeddings.npy\n"
    deps:
    - path: results/validate/chunks.txt
      hash: md5
      md5: 029147971fcceddf6f38c8919df2035a
      size: 25477212
    - path: src/embed_chunks.py
      hash: md5
      md5: 1226d6cbbe506bef5952845f05ade0f0
      size: 646
    - path: src/generate_embeddings.py
      hash: md5
      md5: 06f1d956bf4af6164d5bd63bc4f11d17
      size: 1668
    params:
      params.yaml:
        general.embedding_dim: 1024
        general.embedding_model: jinaai/jina-embeddings-v3
    outs:
    - path: results/validate/chunk_embeddings.npy
      hash: md5
      md5: a4b59e1e529212794529866d503865c0
      size: 440762496
