schema: '2.0'
stages:
  extract_pref_labels:
    cmd: Rscript src/extract_pref_labels.r -g vocab/gnd.ttl -o vocab/gnd_pref_labels.arrow
    deps:
    - path: src/extract_pref_labels.r
      hash: md5
      md5: 61e10b4697a6f31dc84554c0891764d1
      size: 978
    - path: vocab/gnd.ttl
      hash: md5
      md5: a6a6db61f89d43c58dc2f5d4d6180c39
      size: 53388861
    outs:
    - path: vocab/gnd_pref_labels.arrow
      hash: md5
      md5: f0982c75ad669677d810987cb0557302
      size: 7030402
  index_corpus@test:
    cmd:
    - mkdir -p results/test/
    - "python src/index_corpus.py  --corpus corpora/ft30k/test.tsv.gz --index corpora/ft30k/test.arrow\
      \  --pref_labels vocab/gnd_pref_labels.arrow --alpha 1.0 --top_k 100 --chunk_size
      1000 --out results/test/predictions.arrow --n_jobs 40 --task ft30k --evalset
      test\n"
    deps:
    - path: results/test/collection_name.txt
      hash: md5
      md5: 56e2c40b7e81c2bab863e6ac0c9953fe
      size: 22
    - path: src/index_corpus.py
      hash: md5
      md5: 9cdfeaa49e04e1921c2a166cd3bffe47
      size: 7353
    params:
      params.yaml:
        search.alpha: 1.0
        search.chunk_size: 1000
        search.top_k: 100
        task.name: ft30k
    outs:
    - path: results/test/predictions.arrow
      hash: md5
      md5: 14f407993109f38ae3aa74c635e92a0b
      size: 23070194
  compute_metrics@test:
    cmd:
    - mkdir -p results/test/
    - "Rscript src/compute_metrics.r  --kind ft  --evalset test  --test_index corpora/ft30k/test.arrow
      --predictions results/test/predictions.arrow --out_folder results/test/\n"
    deps:
    - path: corpora/ft30k/test.arrow
      hash: md5
      md5: 92b20edbbd46039c16bd5008b568bc89
      size: 187122
    - path: corpora/ground-truth.arrow
      hash: md5
      md5: 717791c69fedc7d364b38fdaf99fbce5
      size: 55898370
    - path: results/test/predictions.arrow
      hash: md5
      md5: 14f407993109f38ae3aa74c635e92a0b
      size: 23070194
    - path: src/compute_metrics.r
      hash: md5
      md5: c5c7c7c747a5ed3d819e4090882f34ed
      size: 4699
    params:
      params.yaml:
        task.kind: ft
        task.name: ft30k
    outs:
    - path: results//test/prec_at_5.json
      hash: md5
      md5: 9313208c6f685c6cf995ef85f4f0ce43
      size: 37
    - path: results//test/rec_at_5.json
      hash: md5
      md5: e33c6bae826602e174deaa6e9b16e2c7
      size: 36
    - path: results/test/f1_at_5.json
      hash: md5
      md5: 5834a57babb9496f6ec67631e1627e3f
      size: 35
    - path: results/test/pr_auc.json
      hash: md5
      md5: 93e19746e51f805e949f7de22c396094
      size: 29
    - path: results/test/pr_curve.csv
      hash: md5
      md5: c53b48c1ced8dda8ab0c86ac1f64eb8e
      size: 4054
    - path: results/test/pr_curve_plot.svg
      hash: md5
      md5: bf1e77f8988471293cd3d918a3e26267
      size: 17257
    - path: results/test/rprec_at_5.json
      hash: md5
      md5: e8a5e078188b2187090d1e5b12d757d8
      size: 38
  index_corpus@validate:
    cmd:
    - mkdir -p results/validate/
    - "python src/index_corpus.py  --corpus corpora/ft30k/validate.tsv.gz --index
      corpora/ft30k/validate.arrow  --pref_labels vocab/gnd_pref_labels.arrow --alpha
      1.0 --top_k 100 --chunk_size 1000 --out results/validate/predictions.arrow --n_jobs
      40 --task ft30k --evalset validate\n"
    deps:
    - path: results/validate/collection_name.txt
      hash: md5
      md5: fece339858b5c76ea4a036677099c3aa
      size: 26
    - path: src/index_corpus.py
      hash: md5
      md5: 9cdfeaa49e04e1921c2a166cd3bffe47
      size: 7353
    params:
      params.yaml:
        search.alpha: 1.0
        search.chunk_size: 1000
        search.top_k: 100
        task.name: ft30k
    outs:
    - path: results/validate/predictions.arrow
      hash: md5
      md5: 051b23287702b6bea44b49b4cceaa8b4
      size: 66208914
  compute_metrics@validate:
    cmd:
    - mkdir -p results/validate/
    - "Rscript src/compute_metrics.r  --kind ft  --evalset validate  --test_index
      corpora/ft30k/validate.arrow --predictions results/validate/predictions.arrow
      --out_folder results/validate/\n"
    deps:
    - path: corpora/ft30k/validate.arrow
      hash: md5
      md5: daf4fa7e3980b413a777a5aac7aa7cbf
      size: 531274
    - path: corpora/ground-truth.arrow
      hash: md5
      md5: 717791c69fedc7d364b38fdaf99fbce5
      size: 55898370
    - path: results/validate/predictions.arrow
      hash: md5
      md5: 051b23287702b6bea44b49b4cceaa8b4
      size: 66208914
    - path: src/compute_metrics.r
      hash: md5
      md5: c5c7c7c747a5ed3d819e4090882f34ed
      size: 4699
    params:
      params.yaml:
        task.kind: ft
        task.name: ft30k
    outs:
    - path: results//validate/prec_at_5.json
      hash: md5
      md5: 63efe7c6e1ffb3a3bbaefaef8069f566
      size: 36
    - path: results//validate/rec_at_5.json
      hash: md5
      md5: e0795f0ccd1d78991fb57d6946280d44
      size: 36
    - path: results/validate/f1_at_5.json
      hash: md5
      md5: 73c7c9677848f2774e6d7b7df5a9a236
      size: 35
    - path: results/validate/pr_auc.json
      hash: md5
      md5: 4319c11d3a65a257fc421e6d8807515a
      size: 29
    - path: results/validate/pr_curve.csv
      hash: md5
      md5: 6a7086a948cee14c20f5ef9c95e7ec17
      size: 4053
    - path: results/validate/pr_curve_plot.svg
      hash: md5
      md5: 3d804932555215c70f537ddb22db3eea
      size: 16840
    - path: results/validate/rprec_at_5.json
      hash: md5
      md5: 2a8da50bbde812671b14b1147fe1ad7b
      size: 38
  create_collection@test:
    cmd: python src/create_collection.py --task ft30k --evalset test --collection_name_file
      results/test/collection_name.txt
    deps:
    - path: src/create_collection.py
      hash: md5
      md5: 867f3ca52186b031b5e1984ae21ef117
      size: 3030
    params:
      params.yaml:
        collection.overwrite: false
        task.name: ft30k
    outs:
    - path: results/test/collection_name.txt
      hash: md5
      md5: 56e2c40b7e81c2bab863e6ac0c9953fe
      size: 22
  create_collection@validate:
    cmd: python src/create_collection.py --task ft30k --evalset validate --collection_name_file
      results/validate/collection_name.txt
    deps:
    - path: src/create_collection.py
      hash: md5
      md5: 867f3ca52186b031b5e1984ae21ef117
      size: 3030
    params:
      params.yaml:
        collection.overwrite: false
        task.name: ft30k
    outs:
    - path: results/validate/collection_name.txt
      hash: md5
      md5: fece339858b5c76ea4a036677099c3aa
      size: 26
