schema: '2.0'
stages:
  extract_pref_labels:
    cmd: Rscript src/extract_pref_labels.r -g vocab/gnd.ttl -o vocab/gnd_pref_labels.arrow
    deps:
    - path: src/extract_pref_labels.r
      hash: md5
      md5: 61e10b4697a6f31dc84554c0891764d1
      size: 978
    - path: vocab/gnd.ttl
      hash: md5
      md5: a6a6db61f89d43c58dc2f5d4d6180c39
      size: 53388861
    outs:
    - path: vocab/gnd_pref_labels.arrow
      hash: md5
      md5: f0982c75ad669677d810987cb0557302
      size: 7030402
  index_corpus@test:
    cmd:
    - mkdir -p results/test/
    - "python src/index_corpus.py  --corpus corpora/ft30k/test.tsv.gz --index corpora/ft30k/test.arrow\
      \  --pref_labels vocab/gnd_pref_labels.arrow --alpha 1.0 --top_k 100 --chunk_size
      500 --out results/test/predictions.arrow --n_jobs 40 --task ft30k --evalset
      test\n"
    deps:
    - path: results/test/collection_name.txt
      hash: md5
      md5: 56e2c40b7e81c2bab863e6ac0c9953fe
      size: 22
    - path: src/index_corpus.py
      hash: md5
      md5: 9cdfeaa49e04e1921c2a166cd3bffe47
      size: 7353
    params:
      params.yaml:
        search.alpha: 1.0
        search.chunk_size: 500
        search.top_k: 100
        task.name: ft30k
    outs:
    - path: results/test/predictions.arrow
      hash: md5
      md5: f2b85660b86a6dd9dc0d83f8683cec85
      size: 23655034
  compute_metrics@test:
    cmd:
    - mkdir -p results/test/
    - "Rscript src/compute_metrics.r  --kind ft  --evalset test  --test_index corpora/ft30k/test.arrow
      --predictions results/test/predictions.arrow --out_folder results/test/\n"
    deps:
    - path: corpora/ft30k/test.arrow
      hash: md5
      md5: 92b20edbbd46039c16bd5008b568bc89
      size: 187122
    - path: corpora/ground-truth.arrow
      hash: md5
      md5: 717791c69fedc7d364b38fdaf99fbce5
      size: 55898370
    - path: results/test/predictions.arrow
      hash: md5
      md5: 25bbaa0ac41d7ed4806c28958fb1208e
      size: 18627274
    - path: src/compute_metrics.r
      hash: md5
      md5: 49bcaf535ada9400f062fba6a9733469
      size: 5154
    params:
      params.yaml:
        task.kind: ft
        task.name: ft30k
    outs:
    - path: results//test/prec_at_5.json
      hash: md5
      md5: 9490aba496dcc67deb8ad0142e799c85
      size: 37
    - path: results//test/rec_at_5.json
      hash: md5
      md5: 04046b7a8696301f17a3c196d736aaa3
      size: 36
    - path: results/test/f1_at_5.json
      hash: md5
      md5: 7541b23d18224290749ca1d2306620ff
      size: 35
    - path: results/test/pr_auc.json
      hash: md5
      md5: 183e1703b46577bb3ba79833d61b58f7
      size: 29
    - path: results/test/pr_curve.csv
      hash: md5
      md5: e26c22f6b28399ba4d7cc07e403b3032
      size: 3834
    - path: results/test/pr_curve_plot.svg
      hash: md5
      md5: 610c100d1acee1dcc1d31ce23e2fa564
      size: 17800
    - path: results/test/rprec_at_5.json
      hash: md5
      md5: d6d027fc0662d29f67fcaaa9109e7550
      size: 38
  index_corpus@validate:
    cmd:
    - mkdir -p results/validate/
    - "python src/index_corpus.py  --corpus corpora/ft30k/validate.tsv.gz --index
      corpora/ft30k/validate.arrow  --pref_labels vocab/gnd_pref_labels.arrow --alpha
      1.0 --top_k 100 --chunk_size 500 --out results/validate/predictions.arrow --n_jobs
      40 --task ft30k --evalset validate\n"
    deps:
    - path: results/validate/collection_name.txt
      hash: md5
      md5: fece339858b5c76ea4a036677099c3aa
      size: 26
    - path: src/index_corpus.py
      hash: md5
      md5: 9cdfeaa49e04e1921c2a166cd3bffe47
      size: 7353
    params:
      params.yaml:
        search.alpha: 1.0
        search.chunk_size: 500
        search.top_k: 100
        task.name: ft30k
    outs:
    - path: results/validate/predictions.arrow
      hash: md5
      md5: f5161c3b13b4797a9f69c271513913fb
      size: 68127674
  compute_metrics@validate:
    cmd:
    - mkdir -p results/validate/
    - "Rscript src/compute_metrics.r  --kind ft  --evalset validate  --test_index
      corpora/ft30k/validate.arrow --predictions results/validate/predictions.arrow
      --out_folder results/validate/\n"
    deps:
    - path: corpora/ft30k/validate.arrow
      hash: md5
      md5: daf4fa7e3980b413a777a5aac7aa7cbf
      size: 531274
    - path: corpora/ground-truth.arrow
      hash: md5
      md5: 717791c69fedc7d364b38fdaf99fbce5
      size: 55898370
    - path: results/validate/predictions.arrow
      hash: md5
      md5: ebf6d024626211bd351171d5fb397e42
      size: 53247098
    - path: src/compute_metrics.r
      hash: md5
      md5: 49bcaf535ada9400f062fba6a9733469
      size: 5154
    params:
      params.yaml:
        task.kind: ft
        task.name: ft30k
    outs:
    - path: results//validate/prec_at_5.json
      hash: md5
      md5: 8ff3e7f7899caa9d134054ae05abafe4
      size: 37
    - path: results//validate/rec_at_5.json
      hash: md5
      md5: 135c812675c42b452a8456c2f11ba2c8
      size: 36
    - path: results/validate/f1_at_5.json
      hash: md5
      md5: 10aade29aadbf37b65bb6067d71afd2f
      size: 35
    - path: results/validate/pr_auc.json
      hash: md5
      md5: dda62d07a7fff4ced1af44b480e674bc
      size: 29
    - path: results/validate/pr_curve.csv
      hash: md5
      md5: eb92a8405bce84d1d956f3f4458da070
      size: 3824
    - path: results/validate/pr_curve_plot.svg
      hash: md5
      md5: 070df6945d59d8886b9a23757827edab
      size: 17767
    - path: results/validate/rprec_at_5.json
      hash: md5
      md5: a2a4c42195d7cfeb81125107636ff46d
      size: 38
  create_collection@test:
    cmd:
    - mkdir -p results/test/
    - python src/create_collection.py --task ft30k --evalset test --collection_name_file
      results/test/collection_name.txt --overwrite true
    deps:
    - path: src/create_collection.py
      hash: md5
      md5: d560ab5d62f6b276cbb955df6bc2c548
      size: 3389
    params:
      params.yaml:
        collection.overwrite: true
        task.name: ft30k
    outs:
    - path: results/test/collection_name.txt
      hash: md5
      md5: 56e2c40b7e81c2bab863e6ac0c9953fe
      size: 22
  create_collection@validate:
    cmd:
    - mkdir -p results/validate/
    - python src/create_collection.py --task ft30k --evalset validate --collection_name_file
      results/validate/collection_name.txt --overwrite true
    deps:
    - path: src/create_collection.py
      hash: md5
      md5: d560ab5d62f6b276cbb955df6bc2c548
      size: 3389
    params:
      params.yaml:
        collection.overwrite: true
        task.name: ft30k
    outs:
    - path: results/validate/collection_name.txt
      hash: md5
      md5: fece339858b5c76ea4a036677099c3aa
      size: 26
  create_collection@train:
    cmd:
    - mkdir -p results/train/
    - python src/create_collection.py --task ft30k --evalset train --collection_name_file
      results/train/collection_name.txt --overwrite true
    deps:
    - path: src/create_collection.py
      hash: md5
      md5: d560ab5d62f6b276cbb955df6bc2c548
      size: 3389
    params:
      params.yaml:
        collection.overwrite: true
        task.name: ft30k
    outs:
    - path: results/train/collection_name.txt
      hash: md5
      md5: 98a683578d4202827f9b528be30bdaa1
      size: 23
  index_candidates@train:
    cmd:
    - mkdir -p results/train/
    - "python src/index_corpus.py  --corpus corpora/ft30k/train.tsv.gz --index corpora/ft30k/train.arrow\
      \  --max_docs 30000 --pref_labels vocab/gnd_pref_labels.arrow --alpha 0.625
      --top_k 100 --n_hits 20 --chunk_size 1000 --max_sentences_per_doc 300 --fixed_length_chunking
      false --out results/train/candidates.arrow --n_jobs 40 --task ft30k --evalset
      train\n"
    deps:
    - path: corpora/ft30k/train.arrow
      hash: md5
      md5: 87503a6b6b607989e96191f7356f2955
      size: 3512866
    - path: corpora/ft30k/train.tsv.gz
      hash: md5
      md5: 96a705f41f1c8e04ad1cb490351e5ecb
      size: 1687280336
    - path: results/train/collection_name.txt
      hash: md5
      md5: 98a683578d4202827f9b528be30bdaa1
      size: 23
    - path: src/index_corpus.py
      hash: md5
      md5: 4fa5bcc30773d9525522ad5483f416d1
      size: 10711
    params:
      params.yaml:
        search.alpha: 0.625
        search.chunk_size: 1000
        search.fixed_length_chunking: false
        search.max_docs: 30000
        search.max_sentences_per_doc: 300
        search.n_hits: 20
        search.top_k: 100
        task.name: ft30k
    outs:
    - path: results/train/candidates.arrow
      hash: md5
      md5: ee4014d22d86942bc0dcbc1cc9e2e75e
      size: 123814922
  index_candidates@validate:
    cmd:
    - mkdir -p results/validate/
    - "python src/index_corpus.py  --corpus corpora/ft30k/validate.tsv.gz --index
      corpora/ft30k/validate.arrow  --max_docs 30000 --pref_labels vocab/gnd_pref_labels.arrow
      --alpha 0.625 --top_k 100 --n_hits 20 --chunk_size 1000 --max_sentences_per_doc
      300 --fixed_length_chunking false --out results/validate/candidates.arrow --n_jobs
      40 --task ft30k --evalset validate\n"
    deps:
    - path: corpora/ft30k/validate.arrow
      hash: md5
      md5: daf4fa7e3980b413a777a5aac7aa7cbf
      size: 531274
    - path: corpora/ft30k/validate.tsv.gz
      hash: md5
      md5: 22cde427d78e726c986e3a43ae7629a8
      size: 240694251
    - path: results/validate/collection_name.txt
      hash: md5
      md5: fece339858b5c76ea4a036677099c3aa
      size: 26
    - path: src/index_corpus.py
      hash: md5
      md5: 4fa5bcc30773d9525522ad5483f416d1
      size: 10711
    params:
      params.yaml:
        search.alpha: 0.625
        search.chunk_size: 1000
        search.fixed_length_chunking: false
        search.max_docs: 30000
        search.max_sentences_per_doc: 300
        search.n_hits: 20
        search.top_k: 100
        task.name: ft30k
    outs:
    - path: results/validate/candidates.arrow
      hash: md5
      md5: 86d7e880546395e25981ea8540161807
      size: 100694834
  index_candidates@test:
    cmd:
    - mkdir -p results/test/
    - "python src/index_corpus.py  --corpus corpora/ft30k/test.tsv.gz --index corpora/ft30k/test.arrow\
      \  --max_docs 30000 --pref_labels vocab/gnd_pref_labels.arrow --alpha 0.625
      --top_k 100 --n_hits 20 --chunk_size 1000 --max_sentences_per_doc 300 --fixed_length_chunking
      false --out results/test/candidates.arrow --n_jobs 40 --task ft30k --evalset
      test\n"
    deps:
    - path: corpora/ft30k/test.arrow
      hash: md5
      md5: 92b20edbbd46039c16bd5008b568bc89
      size: 187122
    - path: corpora/ft30k/test.tsv.gz
      hash: md5
      md5: d75bfd97f55f0ba71e09ca5c86a1f346
      size: 83457610
    - path: results/test/collection_name.txt
      hash: md5
      md5: 56e2c40b7e81c2bab863e6ac0c9953fe
      size: 22
    - path: src/index_corpus.py
      hash: md5
      md5: 4fa5bcc30773d9525522ad5483f416d1
      size: 10711
    params:
      params.yaml:
        search.alpha: 0.625
        search.chunk_size: 1000
        search.fixed_length_chunking: false
        search.max_docs: 30000
        search.max_sentences_per_doc: 300
        search.n_hits: 20
        search.top_k: 100
        task.name: ft30k
    outs:
    - path: results/test/candidates.arrow
      hash: md5
      md5: d278fb17fba81398213886c4b16732fc
      size: 35074370
  train:
    cmd:
    - mkdir -p results/train/
    - "Rscript src/train.r --ground_truth corpora/ground-truth.arrow --train_index
      corpora/ft30k/train.arrow --max_docs 30000 --train_candidates results/train/candidates.arrow
      --label_distribution assets/gnd-label-distribution.arrow --model_file results/train/model.rds
      --n_trees 500 --interaction_depth 10 --shrinkage 0.1 --verbose true\n"
    deps:
    - path: assets/gnd-label-distribution.arrow
      hash: md5
      md5: cf88a4cfcc09c976d6ca2dc193ae9efc
      size: 2316610
    - path: corpora/ft30k/train.arrow
      hash: md5
      md5: 87503a6b6b607989e96191f7356f2955
      size: 3512866
    - path: corpora/ground-truth.arrow
      hash: md5
      md5: 717791c69fedc7d364b38fdaf99fbce5
      size: 55898370
    - path: results/train/candidates.arrow
      hash: md5
      md5: ee4014d22d86942bc0dcbc1cc9e2e75e
      size: 123814922
    - path: src/prepare_data_for_gbm.r
      hash: md5
      md5: 7abc5cc269e32755bac3bbd36f7c3413
      size: 1863
    - path: src/train.r
      hash: md5
      md5: 8736ff62c51fcf808e89ba5bc013102a
      size: 3524
    params:
      params.yaml:
        train.gbm.interaction_depth: 10
        train.gbm.n_trees: 500
        train.gbm.shrinkage: 0.1
    outs:
    - path: results/train/model.rds
      hash: md5
      md5: 49fa20ab5a578521d0b5c3983de8db42
      size: 136413386
  predict@validate:
    cmd:
    - mkdir -p results/validate/
    - "Rscript src/predict.r  --model_file results/train/model.rds --test_index corpora/ft30k/validate.arrow
      --test_candidates results/validate/candidates.arrow --max_docs 30000 --label_distribution
      assets/gnd-label-distribution.arrow --top_k 100 --out_file results/validate/predictions.arrow\n"
    deps:
    - path: assets/gnd-label-distribution.arrow
      hash: md5
      md5: cf88a4cfcc09c976d6ca2dc193ae9efc
      size: 2316610
    - path: corpora/ft30k/validate.arrow
      hash: md5
      md5: daf4fa7e3980b413a777a5aac7aa7cbf
      size: 531274
    - path: results/train/model.rds
      hash: md5
      md5: 49fa20ab5a578521d0b5c3983de8db42
      size: 136413386
    - path: results/validate/candidates.arrow
      hash: md5
      md5: 86d7e880546395e25981ea8540161807
      size: 100694834
    - path: src/predict.r
      hash: md5
      md5: e918073012f4e3e54315c91c68a61ee2
      size: 2555
    - path: src/prepare_data_for_gbm.r
      hash: md5
      md5: 7abc5cc269e32755bac3bbd36f7c3413
      size: 1863
    params:
      params.yaml:
        predict.top_k: 100
        search.max_docs: 30000
    outs:
    - path: results/validate/predictions.arrow
      hash: md5
      md5: ebf6d024626211bd351171d5fb397e42
      size: 53247098
  predict@test:
    cmd:
    - mkdir -p results/test/
    - "Rscript src/predict.r  --model_file results/train/model.rds --test_index corpora/ft30k/test.arrow
      --test_candidates results/test/candidates.arrow --max_docs 30000 --label_distribution
      assets/gnd-label-distribution.arrow --top_k 100 --out_file results/test/predictions.arrow\n"
    deps:
    - path: assets/gnd-label-distribution.arrow
      hash: md5
      md5: cf88a4cfcc09c976d6ca2dc193ae9efc
      size: 2316610
    - path: corpora/ft30k/test.arrow
      hash: md5
      md5: 92b20edbbd46039c16bd5008b568bc89
      size: 187122
    - path: results/test/candidates.arrow
      hash: md5
      md5: d278fb17fba81398213886c4b16732fc
      size: 35074370
    - path: results/train/model.rds
      hash: md5
      md5: 49fa20ab5a578521d0b5c3983de8db42
      size: 136413386
    - path: src/predict.r
      hash: md5
      md5: e918073012f4e3e54315c91c68a61ee2
      size: 2555
    - path: src/prepare_data_for_gbm.r
      hash: md5
      md5: 7abc5cc269e32755bac3bbd36f7c3413
      size: 1863
    params:
      params.yaml:
        predict.top_k: 100
        search.max_docs: 30000
    outs:
    - path: results/test/predictions.arrow
      hash: md5
      md5: 25bbaa0ac41d7ed4806c28958fb1208e
      size: 18627274
